
Microsoft Visual Studio Solution File, Format Version 12.00
# Visual Studio Version 17
VisualStudioVersion = 17.14.36414.22 d17.14
MinimumVisualStudioVersion = 10.0.40219.1
Project("{FAE04EC0-301F-11D3-BF4B-00C04F79EFBC}") = "TranHoangViet_231230961_de01", "TranHoangViet_231230961_de01\TranHoangViet_231230961_de01.csproj", "{921E51DA-658D-445F-A79C-BA11F8519F5D}"
EndProject
Global
	GlobalSection(SolutionConfigurationPlatforms) = preSolution
		Debug|Any CPU = Debug|Any CPU
		Release|Any CPU = Release|Any CPU
	EndGlobalSection
	GlobalSection(ProjectConfigurationPlatforms) = postSolution
		{921E51DA-658D-445F-A79C-BA11F8519F5D}.Debug|Any CPU.ActiveCfg = Debug|Any CPU
		{921E51DA-658D-445F-A79C-BA11F8519F5D}.Debug|Any CPU.Build.0 = Debug|Any CPU
		{921E51DA-658D-445F-A79C-BA11F8519F5D}.Release|Any CPU.ActiveCfg = Release|Any CPU
		{921E51DA-658D-445F-A79C-BA11F8519F5D}.Release|Any CPU.Build.0 = Release|Any CPU
	EndGlobalSection
	GlobalSection(SolutionProperties) = preSolution
		HideSolutionNode = FALSE
	EndGlobalSection
	GlobalSection(ExtensibilityGlobals) = postSolution
		SolutionGuid = {75D94F51-DB24-4516-AE94-96FA6A321555}
	EndGlobalSection
EndGlobal
